
Microsoft Visual Studio Solution File, Format Version 12.00
# Visual Studio Version 16
VisualStudioVersion = 16.0.31624.102
MinimumVisualStudioVersion = 10.0.40219.1
Project("{D954291E-2A0B-460D-934E-DC6B0785DB48}") = "ZemotoCommon", "ZemotoCommon\ZemotoCommon.shproj", "{B50AFE0A-263C-4FB2-8EED-291F6763FBEC}"
EndProject
Global
	GlobalSection(SharedMSBuildProjectFiles) = preSolution
		ZemotoCommon\ZemotoCommon.projitems*{b50afe0a-263c-4fb2-8eed-291f6763fbec}*SharedItemsImports = 13
	EndGlobalSection
	GlobalSection(SolutionConfigurationPlatforms) = preSolution
		Debug|Any CPU = Debug|Any CPU
		Release|Any CPU = Release|Any CPU
	EndGlobalSection
	GlobalSection(SolutionProperties) = preSolution
		HideSolutionNode = FALSE
	EndGlobalSection
	GlobalSection(ExtensibilityGlobals) = postSolution
		SolutionGuid = {805E7E4F-FFB9-46BA-81D5-0CF2521FBB6D}
	EndGlobalSection
EndGlobal
